
Microsoft Visual Studio Solution File, Format Version 12.00
# Visual Studio Version 16
VisualStudioVersion = 16.0.31702.278
MinimumVisualStudioVersion = 10.0.40219.1
Project("{FAE04EC0-301F-11D3-BF4B-00C04F79EFBC}") = "SuperMarket", "SuperMarket.csproj", "{DCAD5DFE-469F-4B08-A5FB-839FA0076AB8}"
EndProject
Global
	GlobalSection(SolutionConfigurationPlatforms) = preSolution
		Debug|Any CPU = Debug|Any CPU
		Release|Any CPU = Release|Any CPU
	EndGlobalSection
	GlobalSection(ProjectConfigurationPlatforms) = postSolution
		{DCAD5DFE-469F-4B08-A5FB-839FA0076AB8}.Debug|Any CPU.ActiveCfg = Debug|Any CPU
		{DCAD5DFE-469F-4B08-A5FB-839FA0076AB8}.Debug|Any CPU.Build.0 = Debug|Any CPU
		{DCAD5DFE-469F-4B08-A5FB-839FA0076AB8}.Release|Any CPU.ActiveCfg = Release|Any CPU
		{DCAD5DFE-469F-4B08-A5FB-839FA0076AB8}.Release|Any CPU.Build.0 = Release|Any CPU
	EndGlobalSection
	GlobalSection(SolutionProperties) = preSolution
		HideSolutionNode = FALSE
	EndGlobalSection
	GlobalSection(ExtensibilityGlobals) = postSolution
		SolutionGuid = {6A14F875-F231-483C-978F-B5A5EB61220D}
	EndGlobalSection
EndGlobal
